{
    "_readme": [
        "This file locks the dependencies of your project to a known state",
        "Read more about it at https://getcomposer.org/doc/01-basic-usage.md#composer-lock-the-lock-file",
        "This file is @generated automatically"
    ],
    "hash": "a415be4a8f5205073c749fb17401fd7d",
    "packages": [],
    "packages-dev": [
        {
            "name": "zendtech/ibmitoolkit",
            "version": "dev-master",
            "source": {
                "type": "git",
                "url": "https://github.com/zendtech/IbmiToolkit.git",
                "reference": "5a2d10e6a46780bafdc8deee6a2a2db13f4ae84c"
            },
            "dist": {
                "type": "zip",
                "url": "https://api.github.com/repos/zendtech/IbmiToolkit/zipball/5a2d10e6a46780bafdc8deee6a2a2db13f4ae84c",
                "reference": "5a2d10e6a46780bafdc8deee6a2a2db13f4ae84c",
                "shasum": ""
            },
            "require": {
                "php": ">=5.3.3"
            },
            "require-dev": {
                "phpunit/phpunit": "4.2.*"
            },
            "type": "library",
            "autoload": {
                "classmap": [
                    "ToolkitApi/"
                ]
            },
            "notification-url": "https://packagist.org/downloads/",
            "license": [
                "BSD-3-Clause"
            ],
            "authors": [
                {
                    "name": "Alan Seiden",
                    "email": "alan@alanseiden.com",
                    "homepage": "http://alanseiden.com"
                },
                {
                    "name": "Adam Culp",
                    "email": "adamculp@uws.net",
                    "homepage": "http://geekyboy.com"
                }
            ],
            "description": "PHP frontend to XMLSERVICE for IBM i development.",
            "keywords": [
                "IBMi",
                "XMLSERVICE",
                "as400",
                "ibmitoolkit",
                "ibmxmltoolkit",
                "zend"
            ],
            "time": "2015-07-23 20:09:18"
        }
    ],
    "aliases": [],
    "minimum-stability": "dev",
    "stability-flags": {
        "zendtech/ibmitoolkit": 20
    },
    "prefer-stable": false,
    "prefer-lowest": false,
    "platform": [],
    "platform-dev": []
}
